{
  "name": "SFA.DAS.TeachInFurtherEducation.Web",
  "lockfileVersion": 3,
  "requires": true,
  "packages": {
    "": {
      "dependencies": {
        "dfe-frontend": "^2.0.1"
      }
    },
    "node_modules/dfe-frontend": {
      "version": "2.0.1",
      "resolved": "https://registry.npmjs.org/dfe-frontend/-/dfe-frontend-2.0.1.tgz",
      "integrity": "sha512-HwNu93gFPHKe0CvuXN9JAQrZIYsFa81IsY5kyt1AAV3zsLQpBXZQXnJyVPtbAZ+n0unV/Uimv3vHrGVHqzmxXA==",
      "license": "MIT",
      "dependencies": {
        "govuk-frontend": "^5.3.1"
      }
    },
    "node_modules/govuk-frontend": {
      "version": "5.5.0",
      "resolved": "https://registry.npmjs.org/govuk-frontend/-/govuk-frontend-5.5.0.tgz",
      "integrity": "sha512-lNSHCOzgk6LfgelcdtJxTLK1BX/cpjCUyEB3LnzliD9o9YQckNMsbj5+jSOs2RFy6XBJ/DJqxj2TKfjBCuzpyA==",
      "license": "MIT",
      "engines": {
        "node": ">= 4.2.0"
      }
    }
  }
}
